Microsoft Visual Studio Solution File, Format Version 11.00
# Visual Studio 2008

Project("{F6129324-534B-7252-2CD0-C4580B951D46}") = "COMP305-PROJECT", "Assembly-CSharp.csproj", "{BB435D87-D1B0-6605-D330-FD868A5DE608}"
EndProject
Global
	GlobalSection(SolutionConfigurationPlatforms) = preSolution
		Debug|Any CPU = Debug|Any CPU
		Release|Any CPU = Release|Any CPU
	EndGlobalSection
	GlobalSection(ProjectConfigurationPlatforms) = postSolution
		{BB435D87-D1B0-6605-D330-FD868A5DE608}.Debug|Any CPU.ActiveCfg = Debug|Any CPU
		{BB435D87-D1B0-6605-D330-FD868A5DE608}.Debug|Any CPU.Build.0 = Debug|Any CPU
		{BB435D87-D1B0-6605-D330-FD868A5DE608}.Release|Any CPU.ActiveCfg = Release|Any CPU
		{BB435D87-D1B0-6605-D330-FD868A5DE608}.Release|Any CPU.Build.0 = Release|Any CPU
	EndGlobalSection
	GlobalSection(SolutionProperties) = preSolution
		HideSolutionNode = FALSE
	EndGlobalSection
	GlobalSection(MonoDevelopProperties) = preSolution
		StartupItem = Assembly-CSharp.csproj
	EndGlobalSection
EndGlobal
